// !$*UTF8*$!
{
	archiveVersion = 1;
	classes = {
	};
	objectVersion = 77;
	objects = {

/* Begin PBXBuildFile section */
		B94971602F62509A00F59BC9 /* BigInt in Frameworks */ = {isa = PBXBuildFile; productRef = B949715F2F62509A00F59BC9 /* BigInt */; };
		B94971632F6250DE00F59BC9 /* ASN1 in Frameworks */ = {isa = PBXBuildFile; productRef = B94971622F6250DE00F59BC9 /* ASN1 */; };
		B94971662F62514500F59BC9 /* SwiftECC in Frameworks */ = {isa = PBXBuildFile; productRef = B94971652F62514500F59BC9 /* SwiftECC */; };
		B94971692F62525800F59BC9 /* SwiftProtobuf in Frameworks */ = {isa = PBXBuildFile; productRef = B94971682F62525800F59BC9 /* SwiftProtobuf */; };
		B949716B2F62525800F59BC9 /* SwiftProtobufPluginLibrary in Frameworks */ = {isa = PBXBuildFile; productRef = B949716A2F62525800F59BC9 /* SwiftProtobufPluginLibrary */; };
		B995A3332E4D2B3F00FA7A41 /* AppIcon-uni.icon in Resources */ = {isa = PBXBuildFile; fileRef = B995A3322E4D2B3F00FA7A41 /* AppIcon-uni.icon */; };
		B99B04C62F641E1400FF3E2D /* AppIcon.icon in Resources */ = {isa = PBXBuildFile; fileRef = B99B04C52F641E1400FF3E2D /* AppIcon.icon */; };
		B9AEBC0A2E6235D3006BA027 /* Sparkle in Frameworks */ = {isa = PBXBuildFile; productRef = B9AEBC092E6235D3006BA027 /* Sparkle */; };
		B9B1C00D2E94E15D0005F6CB /* LottieUI in Frameworks */ = {isa = PBXBuildFile; productRef = B9B1C00C2E94E15D0005F6CB /* LottieUI */; };
		B9C0AA122F7D2B4F00BA0961 /* scrcpy-server-v3.3.4 in Resources */ = {isa = PBXBuildFile; fileRef = B9C0AA112F7D2B4F00BA0961 /* scrcpy-server-v3.3.4 */; };
		B9C3181E2E37AA1D00367F16 /* QRCode in Frameworks */ = {isa = PBXBuildFile; productRef = B9C3181D2E37AA1D00367F16 /* QRCode */; };
		B9D2631B2F60D97900628704 /* Sentry in Frameworks */ = {isa = PBXBuildFile; productRef = B9D2631A2F60D97900628704 /* Sentry */; };
		B9D263292F60D9CF00628704 /* SentrySwiftUI in Frameworks */ = {isa = PBXBuildFile; productRef = B9D263282F60D9CF00628704 /* SentrySwiftUI */; };
		B9D742FC2E39CF850053128A /* Swifter in Frameworks */ = {isa = PBXBuildFile; productRef = B9D742FB2E39CF850053128A /* Swifter */; };
/* End PBXBuildFile section */

/* Begin PBXFileReference section */
		B9673B572E35A2A1006D284A /* AirSync.app */ = {isa = PBXFileReference; explicitFileType = wrapper.application; includeInIndex = 0; path = AirSync.app; sourceTree = BUILT_PRODUCTS_DIR; };
		B995A3322E4D2B3F00FA7A41 /* AppIcon-uni.icon */ = {isa = PBXFileReference; lastKnownFileType = folder.iconcomposer.icon; path = "AppIcon-uni.icon"; sourceTree = "<group>"; };
		B99B04C52F641E1400FF3E2D /* AppIcon.icon */ = {isa = PBXFileReference; lastKnownFileType = folder.iconcomposer.icon; path = AppIcon.icon; sourceTree = "<group>"; };
		B9C0AA112F7D2B4F00BA0961 /* scrcpy-server-v3.3.4 */ = {isa = PBXFileReference; lastKnownFileType = file; path = "scrcpy-server-v3.3.4"; sourceTree = "<group>"; };
/* End PBXFileReference section */

/* Begin PBXFileSystemSynchronizedBuildFileExceptionSet section */
		B933ED362E3BEC21007393CB /* Exceptions for "airsync-mac" folder in "AirSync" target */ = {
			isa = PBXFileSystemSynchronizedBuildFileExceptionSet;
			membershipExceptions = (
				Configs/Secrets.example.xcconfig,
				Configs/Secrets.xcconfig,
				Configs/SelfCompiled.xcconfig,
				Configs/Shared.xcconfig,
				Info.plist,
			);
			target = B9673B562E35A2A1006D284A /* AirSync */;
		};
/* End PBXFileSystemSynchronizedBuildFileExceptionSet section */

/* Begin PBXFileSystemSynchronizedRootGroup section */
		B9673B592E35A2A1006D284A /* airsync-mac */ = {
			isa = PBXFileSystemSynchronizedRootGroup;
			exceptions = (
				B933ED362E3BEC21007393CB /* Exceptions for "airsync-mac" folder in "AirSync" target */,
			);
			path = "airsync-mac";
			sourceTree = "<group>";
		};
/* End PBXFileSystemSynchronizedRootGroup section */

/* Begin PBXFrameworksBuildPhase section */
		B9673B542E35A2A1006D284A /* Frameworks */ = {
			isa = PBXFrameworksBuildPhase;
			buildActionMask = 2147483647;
			files = (
				B9D2631B2F60D97900628704 /* Sentry in Frameworks */,
				B94971602F62509A00F59BC9 /* BigInt in Frameworks */,
				B9D263292F60D9CF00628704 /* SentrySwiftUI in Frameworks */,
				B94971692F62525800F59BC9 /* SwiftProtobuf in Frameworks */,
				B9AEBC0A2E6235D3006BA027 /* Sparkle in Frameworks */,
				B94971662F62514500F59BC9 /* SwiftECC in Frameworks */,
				B9D742FC2E39CF850053128A /* Swifter in Frameworks */,
				B9C3181E2E37AA1D00367F16 /* QRCode in Frameworks */,
				B9B1C00D2E94E15D0005F6CB /* LottieUI in Frameworks */,
				B949716B2F62525800F59BC9 /* SwiftProtobufPluginLibrary in Frameworks */,
				B94971632F6250DE00F59BC9 /* ASN1 in Frameworks */,
			);
			runOnlyForDeploymentPostprocessing = 0;
		};
/* End PBXFrameworksBuildPhase section */

/* Begin PBXGroup section */
		B9673B4E2E35A2A1006D284A = {
			isa = PBXGroup;
			children = (
				B9C0AA112F7D2B4F00BA0961 /* scrcpy-server-v3.3.4 */,
				B995A3322E4D2B3F00FA7A41 /* AppIcon-uni.icon */,
				B9673B592E35A2A1006D284A /* airsync-mac */,
				B9D263192F60D97900628704 /* Frameworks */,
				B9673B582E35A2A1006D284A /* Products */,
				B99B04C52F641E1400FF3E2D /* AppIcon.icon */,
			);
			sourceTree = "<group>";
		};
		B9673B582E35A2A1006D284A /* Products */ = {
			isa = PBXGroup;
			children = (
				B9673B572E35A2A1006D284A /* AirSync.app */,
			);
			name = Products;
			sourceTree = "<group>";
		};
		B9D263192F60D97900628704 /* Frameworks */ = {
			isa = PBXGroup;
			children = (
			);
			name = Frameworks;
			sourceTree = "<group>";
		};
/* End PBXGroup section */

/* Begin PBXNativeTarget section */
		B9673B562E35A2A1006D284A /* AirSync */ = {
			isa = PBXNativeTarget;
			buildConfigurationList = B9673B622E35A2A3006D284A /* Build configuration list for PBXNativeTarget "AirSync" */;
			buildPhases = (
				B9673B532E35A2A1006D284A /* Sources */,
				B9673B542E35A2A1006D284A /* Frameworks */,
				B9673B552E35A2A1006D284A /* Resources */,
			);
			buildRules = (
			);
			dependencies = (
			);
			fileSystemSynchronizedGroups = (
				B9673B592E35A2A1006D284A /* airsync-mac */,
			);
			name = AirSync;
			packageProductDependencies = (
				B9C3181D2E37AA1D00367F16 /* QRCode */,
				B9D742FB2E39CF850053128A /* Swifter */,
				B9AEBC092E6235D3006BA027 /* Sparkle */,
				B9B1C00C2E94E15D0005F6CB /* LottieUI */,
				B9D2631A2F60D97900628704 /* Sentry */,
				B9D263282F60D9CF00628704 /* SentrySwiftUI */,
				B949715F2F62509A00F59BC9 /* BigInt */,
				B94971622F6250DE00F59BC9 /* ASN1 */,
				B94971652F62514500F59BC9 /* SwiftECC */,
				B94971682F62525800F59BC9 /* SwiftProtobuf */,
				B949716A2F62525800F59BC9 /* SwiftProtobufPluginLibrary */,
			);
			productName = "airsync-mac";
			productReference = B9673B572E35A2A1006D284A /* AirSync.app */;
			productType = "com.apple.product-type.application";
		};
/* End PBXNativeTarget section */

/* Begin PBXProject section */
		B9673B4F2E35A2A1006D284A /* Project object */ = {
			isa = PBXProject;
			attributes = {
				BuildIndependentTargetsInParallel = 1;
				LastSwiftUpdateCheck = 2600;
				LastUpgradeCheck = 2620;
				TargetAttributes = {
					B9673B562E35A2A1006D284A = {
						CreatedOnToolsVersion = 26.0;
					};
				};
			};
			buildConfigurationList = B9673B522E35A2A1006D284A /* Build configuration list for PBXProject "AirSync" */;
			developmentRegion = en;
			hasScannedForEncodings = 0;
			knownRegions = (
				en,
				Base,
			);
			mainGroup = B9673B4E2E35A2A1006D284A;
			minimizedProjectReferenceProxies = 1;
			packageReferences = (
				B9C3181C2E37AA1D00367F16 /* XCRemoteSwiftPackageReference "QRCode" */,
				B9D742FA2E39CF850053128A /* XCRemoteSwiftPackageReference "swifter" */,
				B9AEBC082E6235D3006BA027 /* XCRemoteSwiftPackageReference "Sparkle" */,
				B9B1C00B2E94E15D0005F6CB /* XCRemoteSwiftPackageReference "LottieUI" */,
				B9D263162F60D26700628704 /* XCRemoteSwiftPackageReference "sentry-cocoa" */,
				B949715E2F62509A00F59BC9 /* XCRemoteSwiftPackageReference "BigInt" */,
				B94971612F6250DE00F59BC9 /* XCRemoteSwiftPackageReference "ASN1" */,
				B94971642F62514500F59BC9 /* XCRemoteSwiftPackageReference "SwiftECC" */,
				B94971672F62525800F59BC9 /* XCRemoteSwiftPackageReference "swift-protobuf" */,
			);
			preferredProjectObjectVersion = 77;
			productRefGroup = B9673B582E35A2A1006D284A /* Products */;
			projectDirPath = "";
			projectRoot = "";
			targets = (
				B9673B562E35A2A1006D284A /* AirSync */,
			);
		};
/* End PBXProject section */

/* Begin PBXResourcesBuildPhase section */
		B9673B552E35A2A1006D284A /* Resources */ = {
			isa = PBXResourcesBuildPhase;
			buildActionMask = 2147483647;
			files = (
				B99B04C62F641E1400FF3E2D /* AppIcon.icon in Resources */,
				B9C0AA122F7D2B4F00BA0961 /* scrcpy-server-v3.3.4 in Resources */,
				B995A3332E4D2B3F00FA7A41 /* AppIcon-uni.icon in Resources */,
			);
			runOnlyForDeploymentPostprocessing = 0;
		};
/* End PBXResourcesBuildPhase section */

/* Begin PBXSourcesBuildPhase section */
		B9673B532E35A2A1006D284A /* Sources */ = {
			isa = PBXSourcesBuildPhase;
			buildActionMask = 2147483647;
			files = (
			);
			runOnlyForDeploymentPostprocessing = 0;
		};
/* End PBXSourcesBuildPhase section */

/* Begin XCBuildConfiguration section */
		11F6093B2EA2A88900AB6BDC /* Self Compiled */ = {
			isa = XCBuildConfiguration;
			baseConfigurationReferenceAnchor = B9673B592E35A2A1006D284A /* airsync-mac */;
			baseConfigurationReferenceRelativePath = Configs/SelfCompiled.xcconfig;
			buildSettings = {
				ALWAYS_SEARCH_USER_PATHS = NO;
				ASSETCATALOG_COMPILER_GENERATE_SWIFT_ASSET_SYMBOL_EXTENSIONS = YES;
				CLANG_ANALYZER_NONNULL = YES;
				CLANG_ANALYZER_NUMBER_OBJECT_CONVERSION = YES_AGGRESSIVE;
				CLANG_CXX_LANGUAGE_STANDARD = "gnu++20";
				CLANG_ENABLE_MODULES = YES;
				CLANG_ENABLE_OBJC_ARC = YES;
				CLANG_ENABLE_OBJC_WEAK = YES;
				CLANG_WARN_BLOCK_CAPTURE_AUTORELEASING = YES;
				CLANG_WARN_BOOL_CONVERSION = YES;
				CLANG_WARN_COMMA = YES;
				CLANG_WARN_CONSTANT_CONVERSION = YES;
				CLANG_WARN_DEPRECATED_OBJC_IMPLEMENTATIONS = YES;
				CLANG_WARN_DIRECT_OBJC_ISA_USAGE = YES_ERROR;
				CLANG_WARN_DOCUMENTATION_COMMENTS = YES;
				CLANG_WARN_EMPTY_BODY = YES;
				CLANG_WARN_ENUM_CONVERSION = YES;
				CLANG_WARN_INFINITE_RECURSION = YES;
				CLANG_WARN_INT_CONVERSION = YES;
				CLANG_WARN_NON_LITERAL_NULL_CONVERSION = YES;
				CLANG_WARN_OBJC_IMPLICIT_RETAIN_SELF = YES;
				CLANG_WARN_OBJC_LITERAL_CONVERSION = YES;
				CLANG_WARN_OBJC_ROOT_CLASS = YES_ERROR;
				CLANG_WARN_QUOTED_INCLUDE_IN_FRAMEWORK_HEADER = YES;
				CLANG_WARN_RANGE_LOOP_ANALYSIS = YES;
				CLANG_WARN_STRICT_PROTOTYPES = YES;
				CLANG_WARN_SUSPICIOUS_MOVE = YES;
				CLANG_WARN_UNGUARDED_AVAILABILITY = YES_AGGRESSIVE;
				CLANG_WARN_UNREACHABLE_CODE = YES;
				CLANG_WARN__DUPLICATE_METHOD_MATCH = YES;
				COPY_PHASE_STRIP = NO;
				DEAD_CODE_STRIPPING = YES;
				DEBUG_INFORMATION_FORMAT = "dwarf-with-dsym";
				DEVELOPMENT_TEAM = WCB4HTANA6;
				ENABLE_NS_ASSERTIONS = NO;
				ENABLE_STRICT_OBJC_MSGSEND = YES;
				ENABLE_TESTABILITY = NO;
				ENABLE_USER_SCRIPT_SANDBOXING = YES;
				GCC_C_LANGUAGE_STANDARD = gnu17;
				GCC_NO_COMMON_BLOCKS = YES;
				GCC_WARN_64_TO_32_BIT_CONVERSION = YES;
				GCC_WARN_ABOUT_RETURN_TYPE = YES_ERROR;
				GCC_WARN_UNDECLARED_SELECTOR = YES;
				GCC_WARN_UNINITIALIZED_AUTOS = YES_AGGRESSIVE;
				GCC_WARN_UNUSED_FUNCTION = YES;
				GCC_WARN_UNUSED_VARIABLE = YES;
				LOCALIZATION_PREFERS_STRING_CATALOGS = YES;
				MACOSX_DEPLOYMENT_TARGET = 26.0;
				MTL_ENABLE_DEBUG_INFO = NO;
				MTL_FAST_MATH = YES;
				ONLY_ACTIVE_ARCH = NO;
				SDKROOT = macosx;
				STRING_CATALOG_GENERATE_SYMBOLS = YES;
				SWIFT_COMPILATION_MODE = wholemodule;
			};
			name = "Self Compiled";
		};
		11F6093C2EA2A88900AB6BDC /* Self Compiled */ = {
			isa = XCBuildConfiguration;
			baseConfigurationReferenceAnchor = B9673B592E35A2A1006D284A /* airsync-mac */;
			baseConfigurationReferenceRelativePath = Configs/SelfCompiled.xcconfig;
			buildSettings = {
				ASSETCATALOG_COMPILER_APPICON_NAME = AppIcon;
				ASSETCATALOG_COMPILER_GLOBAL_ACCENT_COLOR_NAME = AccentColor;
				ASSETCATALOG_COMPILER_INCLUDE_ALL_APPICON_ASSETS = NO;
				AUTOMATION_APPLE_EVENTS = NO;
				CODE_SIGN_ENTITLEMENTS = "";
				CODE_SIGN_STYLE = Automatic;
				COMBINE_HIDPI_IMAGES = YES;
				CURRENT_PROJECT_VERSION = 26;
				DEAD_CODE_STRIPPING = YES;
				DEVELOPMENT_TEAM = WCB4HTANA6;
				ENABLE_APP_SANDBOX = NO;
				ENABLE_HARDENED_RUNTIME = YES;
				ENABLE_PREVIEWS = YES;
				ENABLE_RESOURCE_ACCESS_PHOTO_LIBRARY = NO;
				GENERATE_INFOPLIST_FILE = YES;
				INFOPLIST_FILE = "airsync-mac/Info.plist";
				INFOPLIST_KEY_CFBundleDisplayName = AirSync;
				INFOPLIST_KEY_LSApplicationCategoryType = "public.app-category.productivity";
				INFOPLIST_KEY_LSUIElement = NO;
				INFOPLIST_KEY_NSHumanReadableCopyright = "";
				LD_RUNPATH_SEARCH_PATHS = (
					"$(inherited)",
					"@executable_path/../Frameworks",
				);
				MACOSX_DEPLOYMENT_TARGET = 14.5;
				MARKETING_VERSION = 3.1.1;
				PRODUCT_BUNDLE_IDENTIFIER = "sameerasw.airsync-mac";
				PRODUCT_NAME = "$(TARGET_NAME)";
				REGISTER_APP_GROUPS = YES;
				RUNTIME_EXCEPTION_ALLOW_DYLD_ENVIRONMENT_VARIABLES = NO;
				RUNTIME_EXCEPTION_ALLOW_JIT = NO;
				RUNTIME_EXCEPTION_ALLOW_UNSIGNED_EXECUTABLE_MEMORY = NO;
				RUNTIME_EXCEPTION_DEBUGGING_TOOL = NO;
				RUNTIME_EXCEPTION_DISABLE_EXECUTABLE_PAGE_PROTECTION = NO;
				RUNTIME_EXCEPTION_DISABLE_LIBRARY_VALIDATION = YES;
				STRING_CATALOG_GENERATE_SYMBOLS = YES;
				SWIFT_DEFAULT_ACTOR_ISOLATION = MainActor;
				SWIFT_EMIT_LOC_STRINGS = YES;
				SWIFT_UPCOMING_FEATURE_MEMBER_IMPORT_VISIBILITY = YES;
				SWIFT_VERSION = 5.0;
			};
			name = "Self Compiled";
		};
		B9673B602E35A2A3006D284A /* Debug */ = {
			isa = XCBuildConfiguration;
			baseConfigurationReferenceAnchor = B9673B592E35A2A1006D284A /* airsync-mac */;
			baseConfigurationReferenceRelativePath = Configs/Shared.xcconfig;
			buildSettings = {
				ALWAYS_SEARCH_USER_PATHS = NO;
				ASSETCATALOG_COMPILER_GENERATE_SWIFT_ASSET_SYMBOL_EXTENSIONS = YES;
				CLANG_ANALYZER_NONNULL = YES;
				CLANG_ANALYZER_NUMBER_OBJECT_CONVERSION = YES_AGGRESSIVE;
				CLANG_CXX_LANGUAGE_STANDARD = "gnu++20";
				CLANG_ENABLE_MODULES = YES;
				CLANG_ENABLE_OBJC_ARC = YES;
				CLANG_ENABLE_OBJC_WEAK = YES;
				CLANG_WARN_BLOCK_CAPTURE_AUTORELEASING = YES;
				CLANG_WARN_BOOL_CONVERSION = YES;
				CLANG_WARN_COMMA = YES;
				CLANG_WARN_CONSTANT_CONVERSION = YES;
				CLANG_WARN_DEPRECATED_OBJC_IMPLEMENTATIONS = YES;
				CLANG_WARN_DIRECT_OBJC_ISA_USAGE = YES_ERROR;
				CLANG_WARN_DOCUMENTATION_COMMENTS = YES;
				CLANG_WARN_EMPTY_BODY = YES;
				CLANG_WARN_ENUM_CONVERSION = YES;
				CLANG_WARN_INFINITE_RECURSION = YES;
				CLANG_WARN_INT_CONVERSION = YES;
				CLANG_WARN_NON_LITERAL_NULL_CONVERSION = YES;
				CLANG_WARN_OBJC_IMPLICIT_RETAIN_SELF = YES;
				CLANG_WARN_OBJC_LITERAL_CONVERSION = YES;
				CLANG_WARN_OBJC_ROOT_CLASS = YES_ERROR;
				CLANG_WARN_QUOTED_INCLUDE_IN_FRAMEWORK_HEADER = YES;
				CLANG_WARN_RANGE_LOOP_ANALYSIS = YES;
				CLANG_WARN_STRICT_PROTOTYPES = YES;
				CLANG_WARN_SUSPICIOUS_MOVE = YES;
				CLANG_WARN_UNGUARDED_AVAILABILITY = YES_AGGRESSIVE;
				CLANG_WARN_UNREACHABLE_CODE = YES;
				CLANG_WARN__DUPLICATE_METHOD_MATCH = YES;
				COPY_PHASE_STRIP = NO;
				DEAD_CODE_STRIPPING = YES;
				DEBUG_INFORMATION_FORMAT = dwarf;
				DEVELOPMENT_TEAM = WCB4HTANA6;
				ENABLE_STRICT_OBJC_MSGSEND = YES;
				ENABLE_TESTABILITY = YES;
				ENABLE_USER_SCRIPT_SANDBOXING = YES;
				GCC_C_LANGUAGE_STANDARD = gnu17;
				GCC_DYNAMIC_NO_PIC = NO;
				GCC_NO_COMMON_BLOCKS = YES;
				GCC_OPTIMIZATION_LEVEL = 0;
				GCC_PREPROCESSOR_DEFINITIONS = (
					"DEBUG=1",
					"$(inherited)",
				);
				GCC_WARN_64_TO_32_BIT_CONVERSION = YES;
				GCC_WARN_ABOUT_RETURN_TYPE = YES_ERROR;
				GCC_WARN_UNDECLARED_SELECTOR = YES;
				GCC_WARN_UNINITIALIZED_AUTOS = YES_AGGRESSIVE;
				GCC_WARN_UNUSED_FUNCTION = YES;
				GCC_WARN_UNUSED_VARIABLE = YES;
				LOCALIZATION_PREFERS_STRING_CATALOGS = YES;
				MACOSX_DEPLOYMENT_TARGET = 26.0;
				MTL_ENABLE_DEBUG_INFO = INCLUDE_SOURCE;
				MTL_FAST_MATH = YES;
				ONLY_ACTIVE_ARCH = YES;
				SDKROOT = macosx;
				STRING_CATALOG_GENERATE_SYMBOLS = YES;
				SWIFT_ACTIVE_COMPILATION_CONDITIONS = "DEBUG $(inherited)";
				SWIFT_OPTIMIZATION_LEVEL = "-Onone";
			};
			name = Debug;
		};
		B9673B612E35A2A3006D284A /* Release */ = {
			isa = XCBuildConfiguration;
			baseConfigurationReferenceAnchor = B9673B592E35A2A1006D284A /* airsync-mac */;
			baseConfigurationReferenceRelativePath = Configs/Shared.xcconfig;
			buildSettings = {
				ALWAYS_SEARCH_USER_PATHS = NO;
				ASSETCATALOG_COMPILER_GENERATE_SWIFT_ASSET_SYMBOL_EXTENSIONS = YES;
				CLANG_ANALYZER_NONNULL = YES;
				CLANG_ANALYZER_NUMBER_OBJECT_CONVERSION = YES_AGGRESSIVE;
				CLANG_CXX_LANGUAGE_STANDARD = "gnu++20";
				CLANG_ENABLE_MODULES = YES;
				CLANG_ENABLE_OBJC_ARC = YES;
				CLANG_ENABLE_OBJC_WEAK = YES;
				CLANG_WARN_BLOCK_CAPTURE_AUTORELEASING = YES;
				CLANG_WARN_BOOL_CONVERSION = YES;
				CLANG_WARN_COMMA = YES;
				CLANG_WARN_CONSTANT_CONVERSION = YES;
				CLANG_WARN_DEPRECATED_OBJC_IMPLEMENTATIONS = YES;
				CLANG_WARN_DIRECT_OBJC_ISA_USAGE = YES_ERROR;
				CLANG_WARN_DOCUMENTATION_COMMENTS = YES;
				CLANG_WARN_EMPTY_BODY = YES;
				CLANG_WARN_ENUM_CONVERSION = YES;
				CLANG_WARN_INFINITE_RECURSION = YES;
				CLANG_WARN_INT_CONVERSION = YES;
				CLANG_WARN_NON_LITERAL_NULL_CONVERSION = YES;
				CLANG_WARN_OBJC_IMPLICIT_RETAIN_SELF = YES;
				CLANG_WARN_OBJC_LITERAL_CONVERSION = YES;
				CLANG_WARN_OBJC_ROOT_CLASS = YES_ERROR;
				CLANG_WARN_QUOTED_INCLUDE_IN_FRAMEWORK_HEADER = YES;
				CLANG_WARN_RANGE_LOOP_ANALYSIS = YES;
				CLANG_WARN_STRICT_PROTOTYPES = YES;
				CLANG_WARN_SUSPICIOUS_MOVE = YES;
				CLANG_WARN_UNGUARDED_AVAILABILITY = YES_AGGRESSIVE;
				CLANG_WARN_UNREACHABLE_CODE = YES;
				CLANG_WARN__DUPLICATE_METHOD_MATCH = YES;
				COPY_PHASE_STRIP = NO;
				DEAD_CODE_STRIPPING = YES;
				DEBUG_INFORMATION_FORMAT = "dwarf-with-dsym";
				DEVELOPMENT_TEAM = WCB4HTANA6;
				ENABLE_NS_ASSERTIONS = NO;
				ENABLE_STRICT_OBJC_MSGSEND = YES;
				ENABLE_USER_SCRIPT_SANDBOXING = YES;
				GCC_C_LANGUAGE_STANDARD = gnu17;
				GCC_NO_COMMON_BLOCKS = YES;
				GCC_WARN_64_TO_32_BIT_CONVERSION = YES;
				GCC_WARN_ABOUT_RETURN_TYPE = YES_ERROR;
				GCC_WARN_UNDECLARED_SELECTOR = YES;
				GCC_WARN_UNINITIALIZED_AUTOS = YES_AGGRESSIVE;
				GCC_WARN_UNUSED_FUNCTION = YES;
				GCC_WARN_UNUSED_VARIABLE = YES;
				LOCALIZATION_PREFERS_STRING_CATALOGS = YES;
				MACOSX_DEPLOYMENT_TARGET = 26.0;
				MTL_ENABLE_DEBUG_INFO = NO;
				MTL_FAST_MATH = YES;
				SDKROOT = macosx;
				STRING_CATALOG_GENERATE_SYMBOLS = YES;
				SWIFT_COMPILATION_MODE = wholemodule;
			};
			name = Release;
		};
		B9673B632E35A2A3006D284A /* Debug */ = {
			isa = XCBuildConfiguration;
			baseConfigurationReferenceAnchor = B9673B592E35A2A1006D284A /* airsync-mac */;
			baseConfigurationReferenceRelativePath = Configs/Shared.xcconfig;
			buildSettings = {
				ASSETCATALOG_COMPILER_APPICON_NAME = AppIcon;
				ASSETCATALOG_COMPILER_GLOBAL_ACCENT_COLOR_NAME = AccentColor;
				ASSETCATALOG_COMPILER_INCLUDE_ALL_APPICON_ASSETS = NO;
				AUTOMATION_APPLE_EVENTS = NO;
				CODE_SIGN_ENTITLEMENTS = "";
				CODE_SIGN_STYLE = Automatic;
				COMBINE_HIDPI_IMAGES = YES;
				CURRENT_PROJECT_VERSION = 26;
				DEAD_CODE_STRIPPING = YES;
				DEVELOPMENT_TEAM = WCB4HTANA6;
				ENABLE_APP_SANDBOX = NO;
				ENABLE_HARDENED_RUNTIME = YES;
				ENABLE_PREVIEWS = YES;
				ENABLE_RESOURCE_ACCESS_PHOTO_LIBRARY = NO;
				GENERATE_INFOPLIST_FILE = YES;
				INFOPLIST_FILE = "airsync-mac/Info.plist";
				INFOPLIST_KEY_CFBundleDisplayName = AirSync;
				INFOPLIST_KEY_LSApplicationCategoryType = "public.app-category.productivity";
				INFOPLIST_KEY_LSUIElement = NO;
				INFOPLIST_KEY_NSHumanReadableCopyright = "";
				LD_RUNPATH_SEARCH_PATHS = (
					"$(inherited)",
					"@executable_path/../Frameworks",
				);
				MACOSX_DEPLOYMENT_TARGET = 14.5;
				MARKETING_VERSION = 3.1.1;
				PRODUCT_BUNDLE_IDENTIFIER = "sameerasw.airsync-mac";
				PRODUCT_NAME = "$(TARGET_NAME)";
				REGISTER_APP_GROUPS = YES;
				RUNTIME_EXCEPTION_ALLOW_DYLD_ENVIRONMENT_VARIABLES = NO;
				RUNTIME_EXCEPTION_ALLOW_JIT = NO;
				RUNTIME_EXCEPTION_ALLOW_UNSIGNED_EXECUTABLE_MEMORY = NO;
				RUNTIME_EXCEPTION_DEBUGGING_TOOL = NO;
				RUNTIME_EXCEPTION_DISABLE_EXECUTABLE_PAGE_PROTECTION = NO;
				RUNTIME_EXCEPTION_DISABLE_LIBRARY_VALIDATION = YES;
				STRING_CATALOG_GENERATE_SYMBOLS = YES;
				SWIFT_DEFAULT_ACTOR_ISOLATION = MainActor;
				SWIFT_EMIT_LOC_STRINGS = YES;
				SWIFT_UPCOMING_FEATURE_MEMBER_IMPORT_VISIBILITY = YES;
				SWIFT_VERSION = 5.0;
			};
			name = Debug;
		};
		B9673B642E35A2A3006D284A /* Release */ = {
			isa = XCBuildConfiguration;
			baseConfigurationReferenceAnchor = B9673B592E35A2A1006D284A /* airsync-mac */;
			baseConfigurationReferenceRelativePath = Configs/Shared.xcconfig;
			buildSettings = {
				ASSETCATALOG_COMPILER_APPICON_NAME = AppIcon;
				ASSETCATALOG_COMPILER_GLOBAL_ACCENT_COLOR_NAME = AccentColor;
				ASSETCATALOG_COMPILER_INCLUDE_ALL_APPICON_ASSETS = NO;
				AUTOMATION_APPLE_EVENTS = NO;
				CODE_SIGN_ENTITLEMENTS = "";
				CODE_SIGN_STYLE = Automatic;
				COMBINE_HIDPI_IMAGES = YES;
				CURRENT_PROJECT_VERSION = 26;
				DEAD_CODE_STRIPPING = YES;
				DEVELOPMENT_TEAM = WCB4HTANA6;
				ENABLE_APP_SANDBOX = NO;
				ENABLE_HARDENED_RUNTIME = YES;
				ENABLE_PREVIEWS = YES;
				ENABLE_RESOURCE_ACCESS_PHOTO_LIBRARY = NO;
				GENERATE_INFOPLIST_FILE = YES;
				INFOPLIST_FILE = "airsync-mac/Info.plist";
				INFOPLIST_KEY_CFBundleDisplayName = AirSync;
				INFOPLIST_KEY_LSApplicationCategoryType = "public.app-category.productivity";
				INFOPLIST_KEY_LSUIElement = NO;
				INFOPLIST_KEY_NSHumanReadableCopyright = "";
				LD_RUNPATH_SEARCH_PATHS = (
					"$(inherited)",
					"@executable_path/../Frameworks",
				);
				MACOSX_DEPLOYMENT_TARGET = 14.5;
				MARKETING_VERSION = 3.1.1;
				PRODUCT_BUNDLE_IDENTIFIER = "sameerasw.airsync-mac";
				PRODUCT_NAME = "$(TARGET_NAME)";
				REGISTER_APP_GROUPS = YES;
				RUNTIME_EXCEPTION_ALLOW_DYLD_ENVIRONMENT_VARIABLES = NO;
				RUNTIME_EXCEPTION_ALLOW_JIT = NO;
				RUNTIME_EXCEPTION_ALLOW_UNSIGNED_EXECUTABLE_MEMORY = NO;
				RUNTIME_EXCEPTION_DEBUGGING_TOOL = NO;
				RUNTIME_EXCEPTION_DISABLE_EXECUTABLE_PAGE_PROTECTION = NO;
				RUNTIME_EXCEPTION_DISABLE_LIBRARY_VALIDATION = YES;
				STRING_CATALOG_GENERATE_SYMBOLS = YES;
				SWIFT_DEFAULT_ACTOR_ISOLATION = MainActor;
				SWIFT_EMIT_LOC_STRINGS = YES;
				SWIFT_UPCOMING_FEATURE_MEMBER_IMPORT_VISIBILITY = YES;
				SWIFT_VERSION = 5.0;
			};
			name = Release;
		};
/* End XCBuildConfiguration section */

/* Begin XCConfigurationList section */
		B9673B522E35A2A1006D284A /* Build configuration list for PBXProject "AirSync" */ = {
			isa = XCConfigurationList;
			buildConfigurations = (
				B9673B602E35A2A3006D284A /* Debug */,
				B9673B612E35A2A3006D284A /* Release */,
				11F6093B2EA2A88900AB6BDC /* Self Compiled */,
			);
			defaultConfigurationIsVisible = 0;
			defaultConfigurationName = Release;
		};
		B9673B622E35A2A3006D284A /* Build configuration list for PBXNativeTarget "AirSync" */ = {
			isa = XCConfigurationList;
			buildConfigurations = (
				B9673B632E35A2A3006D284A /* Debug */,
				B9673B642E35A2A3006D284A /* Release */,
				11F6093C2EA2A88900AB6BDC /* Self Compiled */,
			);
			defaultConfigurationIsVisible = 0;
			defaultConfigurationName = Release;
		};
/* End XCConfigurationList section */

/* Begin XCRemoteSwiftPackageReference section */
		B949715E2F62509A00F59BC9 /* XCRemoteSwiftPackageReference "BigInt" */ = {
			isa = XCRemoteSwiftPackageReference;
			repositoryURL = "https://github.com/leif-ibsen/BigInt";
			requirement = {
				kind = upToNextMajorVersion;
				minimumVersion = 1.22.0;
			};
		};
		B94971612F6250DE00F59BC9 /* XCRemoteSwiftPackageReference "ASN1" */ = {
			isa = XCRemoteSwiftPackageReference;
			repositoryURL = "https://github.com/leif-ibsen/ASN1";
			requirement = {
				kind = upToNextMajorVersion;
				minimumVersion = 2.7.0;
			};
		};
		B94971642F62514500F59BC9 /* XCRemoteSwiftPackageReference "SwiftECC" */ = {
			isa = XCRemoteSwiftPackageReference;
			repositoryURL = "https://github.com/leif-ibsen/SwiftECC";
			requirement = {
				kind = upToNextMajorVersion;
				minimumVersion = 5.5.0;
			};
		};
		B94971672F62525800F59BC9 /* XCRemoteSwiftPackageReference "swift-protobuf" */ = {
			isa = XCRemoteSwiftPackageReference;
			repositoryURL = "https://github.com/apple/swift-protobuf.git";
			requirement = {
				kind = upToNextMajorVersion;
				minimumVersion = 1.36.0;
			};
		};
		B9AEBC082E6235D3006BA027 /* XCRemoteSwiftPackageReference "Sparkle" */ = {
			isa = XCRemoteSwiftPackageReference;
			repositoryURL = "https://github.com/sparkle-project/Sparkle";
			requirement = {
				kind = upToNextMajorVersion;
				minimumVersion = 2.7.1;
			};
		};
		B9B1C00B2E94E15D0005F6CB /* XCRemoteSwiftPackageReference "LottieUI" */ = {
			isa = XCRemoteSwiftPackageReference;
			repositoryURL = "https://github.com/tfmart/LottieUI";
			requirement = {
				kind = upToNextMajorVersion;
				minimumVersion = 1.3.1;
			};
		};
		B9C3181C2E37AA1D00367F16 /* XCRemoteSwiftPackageReference "QRCode" */ = {
			isa = XCRemoteSwiftPackageReference;
			repositoryURL = "https://github.com/dagronf/QRCode";
			requirement = {
				kind = upToNextMajorVersion;
				minimumVersion = 26.10.0;
			};
		};
		B9D263162F60D26700628704 /* XCRemoteSwiftPackageReference "sentry-cocoa" */ = {
			isa = XCRemoteSwiftPackageReference;
			repositoryURL = "https://github.com/getsentry/sentry-cocoa.git";
			requirement = {
				kind = upToNextMajorVersion;
				minimumVersion = 9.6.0;
			};
		};
		B9D742FA2E39CF850053128A /* XCRemoteSwiftPackageReference "swifter" */ = {
			isa = XCRemoteSwiftPackageReference;
			repositoryURL = "https://github.com/httpswift/swifter";
			requirement = {
				kind = upToNextMajorVersion;
				minimumVersion = 1.5.0;
			};
		};
/* End XCRemoteSwiftPackageReference section */

/* Begin XCSwiftPackageProductDependency section */
		B949715F2F62509A00F59BC9 /* BigInt */ = {
			isa = XCSwiftPackageProductDependency;
			package = B949715E2F62509A00F59BC9 /* XCRemoteSwiftPackageReference "BigInt" */;
			productName = BigInt;
		};
		B94971622F6250DE00F59BC9 /* ASN1 */ = {
			isa = XCSwiftPackageProductDependency;
			package = B94971612F6250DE00F59BC9 /* XCRemoteSwiftPackageReference "ASN1" */;
			productName = ASN1;
		};
		B94971652F62514500F59BC9 /* SwiftECC */ = {
			isa = XCSwiftPackageProductDependency;
			package = B94971642F62514500F59BC9 /* XCRemoteSwiftPackageReference "SwiftECC" */;
			productName = SwiftECC;
		};
		B94971682F62525800F59BC9 /* SwiftProtobuf */ = {
			isa = XCSwiftPackageProductDependency;
			package = B94971672F62525800F59BC9 /* XCRemoteSwiftPackageReference "swift-protobuf" */;
			productName = SwiftProtobuf;
		};
		B949716A2F62525800F59BC9 /* SwiftProtobufPluginLibrary */ = {
			isa = XCSwiftPackageProductDependency;
			package = B94971672F62525800F59BC9 /* XCRemoteSwiftPackageReference "swift-protobuf" */;
			productName = SwiftProtobufPluginLibrary;
		};
		B9AEBC092E6235D3006BA027 /* Sparkle */ = {
			isa = XCSwiftPackageProductDependency;
			package = B9AEBC082E6235D3006BA027 /* XCRemoteSwiftPackageReference "Sparkle" */;
			productName = Sparkle;
		};
		B9B1C00C2E94E15D0005F6CB /* LottieUI */ = {
			isa = XCSwiftPackageProductDependency;
			package = B9B1C00B2E94E15D0005F6CB /* XCRemoteSwiftPackageReference "LottieUI" */;
			productName = LottieUI;
		};
		B9C3181D2E37AA1D00367F16 /* QRCode */ = {
			isa = XCSwiftPackageProductDependency;
			package = B9C3181C2E37AA1D00367F16 /* XCRemoteSwiftPackageReference "QRCode" */;
			productName = QRCode;
		};
		B9D2631A2F60D97900628704 /* Sentry */ = {
			isa = XCSwiftPackageProductDependency;
			package = B9D263162F60D26700628704 /* XCRemoteSwiftPackageReference "sentry-cocoa" */;
			productName = Sentry;
		};
		B9D263282F60D9CF00628704 /* SentrySwiftUI */ = {
			isa = XCSwiftPackageProductDependency;
			package = B9D263162F60D26700628704 /* XCRemoteSwiftPackageReference "sentry-cocoa" */;
			productName = SentrySwiftUI;
		};
		B9D742FB2E39CF850053128A /* Swifter */ = {
			isa = XCSwiftPackageProductDependency;
			package = B9D742FA2E39CF850053128A /* XCRemoteSwiftPackageReference "swifter" */;
			productName = Swifter;
		};
/* End XCSwiftPackageProductDependency section */
	};
	rootObject = B9673B4F2E35A2A1006D284A /* Project object */;
}
